// !$*UTF8*$!
{
	archiveVersion = 1;
	classes = {
	};
	objectVersion = 50;
	objects = {

/* Begin PBXBuildFile section */
		C052938D22AD26F300281EDB /* GroupListViewController.swift in Sources */ = {isa = PBXBuildFile; fileRef = C052938C22AD26F300281EDB /* GroupListViewController.swift */; };
		C06B133122A7138600FF86D4 /* ConnectionManager.swift in Sources */ = {isa = PBXBuildFile; fileRef = C08470C022915C3F00C65264 /* ConnectionManager.swift */; };
		C06B133222A713C200FF86D4 /* OnboardingViewController.swift in Sources */ = {isa = PBXBuildFile; fileRef = C0BFC53C2290067400C06D80 /* OnboardingViewController.swift */; };
		C06B133322A713C200FF86D4 /* LoginViewController.swift in Sources */ = {isa = PBXBuildFile; fileRef = C0BFC56222905EBD00C06D80 /* LoginViewController.swift */; };
		C06B133422A713C200FF86D4 /* RegisterViewController.swift in Sources */ = {isa = PBXBuildFile; fileRef = C0BFC569229060BC00C06D80 /* RegisterViewController.swift */; };
		C06B133522A713C700FF86D4 /* AppDelegate.swift in Sources */ = {isa = PBXBuildFile; fileRef = C0BFC53A2290067400C06D80 /* AppDelegate.swift */; };
		C06B133622A713D600FF86D4 /* LaunchScreen.storyboard in Resources */ = {isa = PBXBuildFile; fileRef = C0BFC5432290067500C06D80 /* LaunchScreen.storyboard */; };
		C06B133822A713DF00FF86D4 /* Shabnam-Bold.ttf in Resources */ = {isa = PBXBuildFile; fileRef = C0BFC55B2290306900C06D80 /* Shabnam-Bold.ttf */; };
		C06B133922A713DF00FF86D4 /* Shabnam-Light.ttf in Resources */ = {isa = PBXBuildFile; fileRef = C0BFC55C2290306900C06D80 /* Shabnam-Light.ttf */; };
		C06B133A22A713DF00FF86D4 /* Shabnam.ttf in Resources */ = {isa = PBXBuildFile; fileRef = C0BFC55E2290308C00C06D80 /* Shabnam.ttf */; };
		C06B133B22A713E400FF86D4 /* Constants.swift in Sources */ = {isa = PBXBuildFile; fileRef = C0BFC54F22901A6D00C06D80 /* Constants.swift */; };
		C06B133C22A713EB00FF86D4 /* Main.storyboard in Resources */ = {isa = PBXBuildFile; fileRef = C0BFC53E2290067400C06D80 /* Main.storyboard */; };
		C06B133D22A713F200FF86D4 /* TMButton.swift in Sources */ = {isa = PBXBuildFile; fileRef = C0BFC54D22900BBA00C06D80 /* TMButton.swift */; };
		C06B133E22A713F200FF86D4 /* TMTextField.swift in Sources */ = {isa = PBXBuildFile; fileRef = C0BFC56B229075CD00C06D80 /* TMTextField.swift */; };
		C06B133F22A717A200FF86D4 /* Assets.xcassets in Resources */ = {isa = PBXBuildFile; fileRef = C0BFC5412290067500C06D80 /* Assets.xcassets */; };
		C0C484B922AE3DA200B7C2A9 /* String+Validations.swift in Sources */ = {isa = PBXBuildFile; fileRef = C0C484B822AE3DA200B7C2A9 /* String+Validations.swift */; };
		C0C484BB22AE641200B7C2A9 /* TMGroupTableViewCell.swift in Sources */ = {isa = PBXBuildFile; fileRef = C0C484BA22AE641200B7C2A9 /* TMGroupTableViewCell.swift */; };
		C0C484BD22AE764F00B7C2A9 /* TMTaskGroup.swift in Sources */ = {isa = PBXBuildFile; fileRef = C0C484BC22AE764F00B7C2A9 /* TMTaskGroup.swift */; };
		C0DA274222A9179D003568EF /* User.swift in Sources */ = {isa = PBXBuildFile; fileRef = C0DA274122A9179D003568EF /* User.swift */; };
/* End PBXBuildFile section */

/* Begin PBXFileReference section */
		C052938C22AD26F300281EDB /* GroupListViewController.swift */ = {isa = PBXFileReference; lastKnownFileType = sourcecode.swift; path = GroupListViewController.swift; sourceTree = "<group>"; };
		C06B131F22A7117500FF86D4 /* TaskManager.app */ = {isa = PBXFileReference; explicitFileType = wrapper.application; includeInIndex = 0; path = TaskManager.app; sourceTree = BUILT_PRODUCTS_DIR; };
		C08470C022915C3F00C65264 /* ConnectionManager.swift */ = {isa = PBXFileReference; lastKnownFileType = sourcecode.swift; path = ConnectionManager.swift; sourceTree = "<group>"; };
		C0BFC53A2290067400C06D80 /* AppDelegate.swift */ = {isa = PBXFileReference; lastKnownFileType = sourcecode.swift; path = AppDelegate.swift; sourceTree = "<group>"; };
		C0BFC53C2290067400C06D80 /* OnboardingViewController.swift */ = {isa = PBXFileReference; lastKnownFileType = sourcecode.swift; path = OnboardingViewController.swift; sourceTree = "<group>"; };
		C0BFC53F2290067400C06D80 /* Base */ = {isa = PBXFileReference; lastKnownFileType = file.storyboard; name = Base; path = Base.lproj/Main.storyboard; sourceTree = "<group>"; };
		C0BFC5412290067500C06D80 /* Assets.xcassets */ = {isa = PBXFileReference; lastKnownFileType = folder.assetcatalog; path = Assets.xcassets; sourceTree = "<group>"; };
		C0BFC5442290067500C06D80 /* Base */ = {isa = PBXFileReference; lastKnownFileType = file.storyboard; name = Base; path = Base.lproj/LaunchScreen.storyboard; sourceTree = "<group>"; };
		C0BFC5462290067500C06D80 /* Info.plist */ = {isa = PBXFileReference; lastKnownFileType = text.plist.xml; path = Info.plist; sourceTree = "<group>"; };
		C0BFC54D22900BBA00C06D80 /* TMButton.swift */ = {isa = PBXFileReference; lastKnownFileType = sourcecode.swift; path = TMButton.swift; sourceTree = "<group>"; };
		C0BFC54F22901A6D00C06D80 /* Constants.swift */ = {isa = PBXFileReference; lastKnownFileType = sourcecode.swift; path = Constants.swift; sourceTree = "<group>"; };
		C0BFC55B2290306900C06D80 /* Shabnam-Bold.ttf */ = {isa = PBXFileReference; lastKnownFileType = file; path = "Shabnam-Bold.ttf"; sourceTree = "<group>"; };
		C0BFC55C2290306900C06D80 /* Shabnam-Light.ttf */ = {isa = PBXFileReference; lastKnownFileType = file; path = "Shabnam-Light.ttf"; sourceTree = "<group>"; };
		C0BFC55E2290308C00C06D80 /* Shabnam.ttf */ = {isa = PBXFileReference; lastKnownFileType = file; path = Shabnam.ttf; sourceTree = "<group>"; };
		C0BFC56222905EBD00C06D80 /* LoginViewController.swift */ = {isa = PBXFileReference; lastKnownFileType = sourcecode.swift; path = LoginViewController.swift; sourceTree = "<group>"; };
		C0BFC569229060BC00C06D80 /* RegisterViewController.swift */ = {isa = PBXFileReference; lastKnownFileType = sourcecode.swift; path = RegisterViewController.swift; sourceTree = "<group>"; };
		C0BFC56B229075CD00C06D80 /* TMTextField.swift */ = {isa = PBXFileReference; lastKnownFileType = sourcecode.swift; path = TMTextField.swift; sourceTree = "<group>"; };
		C0C484B822AE3DA200B7C2A9 /* String+Validations.swift */ = {isa = PBXFileReference; lastKnownFileType = sourcecode.swift; path = "String+Validations.swift"; sourceTree = "<group>"; };
		C0C484BA22AE641200B7C2A9 /* TMGroupTableViewCell.swift */ = {isa = PBXFileReference; lastKnownFileType = sourcecode.swift; path = TMGroupTableViewCell.swift; sourceTree = "<group>"; };
		C0C484BC22AE764F00B7C2A9 /* TMTaskGroup.swift */ = {isa = PBXFileReference; lastKnownFileType = sourcecode.swift; path = TMTaskGroup.swift; sourceTree = "<group>"; };
		C0DA274122A9179D003568EF /* User.swift */ = {isa = PBXFileReference; lastKnownFileType = sourcecode.swift; path = User.swift; sourceTree = "<group>"; };
/* End PBXFileReference section */

/* Begin PBXFrameworksBuildPhase section */
		C06B131C22A7117500FF86D4 /* Frameworks */ = {
			isa = PBXFrameworksBuildPhase;
			buildActionMask = 2147483647;
			files = (
			);
			runOnlyForDeploymentPostprocessing = 0;
		};
/* End PBXFrameworksBuildPhase section */

/* Begin PBXGroup section */
		C06B132022A7117500FF86D4 /* TaskManager */ = {
			isa = PBXGroup;
			children = (
				C0BFC56622905F0F00C06D80 /* Views */,
				C0BFC56522905EE600C06D80 /* Storyboards */,
				C0BFC56722905F2D00C06D80 /* Constants */,
				C0BFC54C2290069A00C06D80 /* Supporting Files */,
				C0BFC5682290605500C06D80 /* App Delegate */,
				C0C484B722AE3D8700B7C2A9 /* Extensions */,
				C08470BF22915BF700C65264 /* Models */,
				C0BFC56422905ED900C06D80 /* View Controllers */,
			);
			path = TaskManager;
			sourceTree = "<group>";
		};
		C08470BF22915BF700C65264 /* Models */ = {
			isa = PBXGroup;
			children = (
				C08470C022915C3F00C65264 /* ConnectionManager.swift */,
				C0DA274122A9179D003568EF /* User.swift */,
				C0C484BC22AE764F00B7C2A9 /* TMTaskGroup.swift */,
			);
			path = Models;
			sourceTree = "<group>";
		};
		C0BFC52E2290067400C06D80 = {
			isa = PBXGroup;
			children = (
				C06B132022A7117500FF86D4 /* TaskManager */,
				C0BFC5382290067400C06D80 /* Products */,
			);
			sourceTree = "<group>";
		};
		C0BFC5382290067400C06D80 /* Products */ = {
			isa = PBXGroup;
			children = (
				C06B131F22A7117500FF86D4 /* TaskManager.app */,
			);
			name = Products;
			sourceTree = "<group>";
		};
		C0BFC54C2290069A00C06D80 /* Supporting Files */ = {
			isa = PBXGroup;
			children = (
				C0BFC551229023C600C06D80 /* Fonts */,
				C0BFC5462290067500C06D80 /* Info.plist */,
				C0BFC5412290067500C06D80 /* Assets.xcassets */,
				C0BFC5432290067500C06D80 /* LaunchScreen.storyboard */,
			);
			path = "Supporting Files";
			sourceTree = "<group>";
		};
		C0BFC551229023C600C06D80 /* Fonts */ = {
			isa = PBXGroup;
			children = (
				C0BFC55B2290306900C06D80 /* Shabnam-Bold.ttf */,
				C0BFC55C2290306900C06D80 /* Shabnam-Light.ttf */,
				C0BFC55E2290308C00C06D80 /* Shabnam.ttf */,
			);
			path = Fonts;
			sourceTree = "<group>";
		};
		C0BFC56422905ED900C06D80 /* View Controllers */ = {
			isa = PBXGroup;
			children = (
				C0BFC53C2290067400C06D80 /* OnboardingViewController.swift */,
				C0BFC56222905EBD00C06D80 /* LoginViewController.swift */,
				C0BFC569229060BC00C06D80 /* RegisterViewController.swift */,
				C052938C22AD26F300281EDB /* GroupListViewController.swift */,
			);
			path = "View Controllers";
			sourceTree = "<group>";
		};
		C0BFC56522905EE600C06D80 /* Storyboards */ = {
			isa = PBXGroup;
			children = (
				C0BFC53E2290067400C06D80 /* Main.storyboard */,
			);
			path = Storyboards;
			sourceTree = "<group>";
		};
		C0BFC56622905F0F00C06D80 /* Views */ = {
			isa = PBXGroup;
			children = (
				C0BFC54D22900BBA00C06D80 /* TMButton.swift */,
				C0BFC56B229075CD00C06D80 /* TMTextField.swift */,
				C0C484BA22AE641200B7C2A9 /* TMGroupTableViewCell.swift */,
			);
			path = Views;
			sourceTree = "<group>";
		};
		C0BFC56722905F2D00C06D80 /* Constants */ = {
			isa = PBXGroup;
			children = (
				C0BFC54F22901A6D00C06D80 /* Constants.swift */,
			);
			path = Constants;
			sourceTree = "<group>";
		};
		C0BFC5682290605500C06D80 /* App Delegate */ = {
			isa = PBXGroup;
			children = (
				C0BFC53A2290067400C06D80 /* AppDelegate.swift */,
			);
			path = "App Delegate";
			sourceTree = "<group>";
		};
		C0C484B722AE3D8700B7C2A9 /* Extensions */ = {
			isa = PBXGroup;
			children = (
				C0C484B822AE3DA200B7C2A9 /* String+Validations.swift */,
			);
			path = Extensions;
			sourceTree = "<group>";
		};
/* End PBXGroup section */

/* Begin PBXNativeTarget section */
		C06B131E22A7117500FF86D4 /* TaskManager */ = {
			isa = PBXNativeTarget;
			buildConfigurationList = C06B132E22A7117700FF86D4 /* Build configuration list for PBXNativeTarget "TaskManager" */;
			buildPhases = (
				C06B131B22A7117500FF86D4 /* Sources */,
				C06B131C22A7117500FF86D4 /* Frameworks */,
				C06B131D22A7117500FF86D4 /* Resources */,
			);
			buildRules = (
			);
			dependencies = (
			);
			name = TaskManager;
			productName = TaskManager;
			productReference = C06B131F22A7117500FF86D4 /* TaskManager.app */;
			productType = "com.apple.product-type.application";
		};
/* End PBXNativeTarget section */

/* Begin PBXProject section */
		C0BFC52F2290067400C06D80 /* Project object */ = {
			isa = PBXProject;
			attributes = {
				LastSwiftUpdateCheck = 1020;
				LastUpgradeCheck = 1020;
				ORGANIZATIONNAME = MrAlirezaa;
				TargetAttributes = {
					C06B131E22A7117500FF86D4 = {
						CreatedOnToolsVersion = 10.2.1;
					};
				};
			};
			buildConfigurationList = C0BFC5322290067400C06D80 /* Build configuration list for PBXProject "TaskManager" */;
			compatibilityVersion = "Xcode 9.3";
			developmentRegion = en;
			hasScannedForEncodings = 0;
			knownRegions = (
				en,
				Base,
			);
			mainGroup = C0BFC52E2290067400C06D80;
			productRefGroup = C0BFC5382290067400C06D80 /* Products */;
			projectDirPath = "";
			projectRoot = "";
			targets = (
				C06B131E22A7117500FF86D4 /* TaskManager */,
			);
		};
/* End PBXProject section */

/* Begin PBXResourcesBuildPhase section */
		C06B131D22A7117500FF86D4 /* Resources */ = {
			isa = PBXResourcesBuildPhase;
			buildActionMask = 2147483647;
			files = (
				C06B133922A713DF00FF86D4 /* Shabnam-Light.ttf in Resources */,
				C06B133A22A713DF00FF86D4 /* Shabnam.ttf in Resources */,
				C06B133822A713DF00FF86D4 /* Shabnam-Bold.ttf in Resources */,
				C06B133C22A713EB00FF86D4 /* Main.storyboard in Resources */,
				C06B133F22A717A200FF86D4 /* Assets.xcassets in Resources */,
				C06B133622A713D600FF86D4 /* LaunchScreen.storyboard in Resources */,
			);
			runOnlyForDeploymentPostprocessing = 0;
		};
/* End PBXResourcesBuildPhase section */

/* Begin PBXSourcesBuildPhase section */
		C06B131B22A7117500FF86D4 /* Sources */ = {
			isa = PBXSourcesBuildPhase;
			buildActionMask = 2147483647;
			files = (
				C06B133322A713C200FF86D4 /* LoginViewController.swift in Sources */,
				C06B133122A7138600FF86D4 /* ConnectionManager.swift in Sources */,
				C052938D22AD26F300281EDB /* GroupListViewController.swift in Sources */,
				C0C484B922AE3DA200B7C2A9 /* String+Validations.swift in Sources */,
				C06B133222A713C200FF86D4 /* OnboardingViewController.swift in Sources */,
				C06B133D22A713F200FF86D4 /* TMButton.swift in Sources */,
				C0C484BD22AE764F00B7C2A9 /* TMTaskGroup.swift in Sources */,
				C06B133522A713C700FF86D4 /* AppDelegate.swift in Sources */,
				C0DA274222A9179D003568EF /* User.swift in Sources */,
				C06B133422A713C200FF86D4 /* RegisterViewController.swift in Sources */,
				C06B133E22A713F200FF86D4 /* TMTextField.swift in Sources */,
				C0C484BB22AE641200B7C2A9 /* TMGroupTableViewCell.swift in Sources */,
				C06B133B22A713E400FF86D4 /* Constants.swift in Sources */,
			);
			runOnlyForDeploymentPostprocessing = 0;
		};
/* End PBXSourcesBuildPhase section */

/* Begin PBXVariantGroup section */
		C0BFC53E2290067400C06D80 /* Main.storyboard */ = {
			isa = PBXVariantGroup;
			children = (
				C0BFC53F2290067400C06D80 /* Base */,
			);
			name = Main.storyboard;
			sourceTree = "<group>";
		};
		C0BFC5432290067500C06D80 /* LaunchScreen.storyboard */ = {
			isa = PBXVariantGroup;
			children = (
				C0BFC5442290067500C06D80 /* Base */,
			);
			name = LaunchScreen.storyboard;
			sourceTree = "<group>";
		};
/* End PBXVariantGroup section */

/* Begin XCBuildConfiguration section */
		C06B132F22A7117700FF86D4 /* Debug */ = {
			isa = XCBuildConfiguration;
			buildSettings = {
				ASSETCATALOG_COMPILER_APPICON_NAME = AppIcon;
				CODE_SIGN_STYLE = Automatic;
				DEVELOPMENT_TEAM = 33DVPZ7L7T;
				INFOPLIST_FILE = "$(SRCROOT)/TaskManager/Supporting Files/Info.plist";
				LD_RUNPATH_SEARCH_PATHS = (
					"$(inherited)",
					"@executable_path/Frameworks",
				);
				PRODUCT_BUNDLE_IDENTIFIER = com.mralirezaa.TaskManager;
				PRODUCT_NAME = "$(TARGET_NAME)";
				SWIFT_VERSION = 5.0;
				TARGETED_DEVICE_FAMILY = "1,2";
			};
			name = Debug;
		};
		C06B133022A7117700FF86D4 /* Release */ = {
			isa = XCBuildConfiguration;
			buildSettings = {
				ASSETCATALOG_COMPILER_APPICON_NAME = AppIcon;
				CODE_SIGN_STYLE = Automatic;
				DEVELOPMENT_TEAM = 33DVPZ7L7T;
				INFOPLIST_FILE = "$(SRCROOT)/TaskManager/Supporting Files/Info.plist";
				LD_RUNPATH_SEARCH_PATHS = (
					"$(inherited)",
					"@executable_path/Frameworks",
				);
				PRODUCT_BUNDLE_IDENTIFIER = com.mralirezaa.TaskManager;
				PRODUCT_NAME = "$(TARGET_NAME)";
				SWIFT_VERSION = 5.0;
				TARGETED_DEVICE_FAMILY = "1,2";
			};
			name = Release;
		};
		C0BFC5472290067500C06D80 /* Debug */ = {
			isa = XCBuildConfiguration;
			buildSettings = {
				ALWAYS_SEARCH_USER_PATHS = NO;
				CLANG_ANALYZER_NONNULL = YES;
				CLANG_ANALYZER_NUMBER_OBJECT_CONVERSION = YES_AGGRESSIVE;
				CLANG_CXX_LANGUAGE_STANDARD = "gnu++14";
				CLANG_CXX_LIBRARY = "libc++";
				CLANG_ENABLE_MODULES = YES;
				CLANG_ENABLE_OBJC_ARC = YES;
				CLANG_ENABLE_OBJC_WEAK = YES;
				CLANG_WARN_BLOCK_CAPTURE_AUTORELEASING = YES;
				CLANG_WARN_BOOL_CONVERSION = YES;
				CLANG_WARN_COMMA = YES;
				CLANG_WARN_CONSTANT_CONVERSION = YES;
				CLANG_WARN_DEPRECATED_OBJC_IMPLEMENTATIONS = YES;
				CLANG_WARN_DIRECT_OBJC_ISA_USAGE = YES_ERROR;
				CLANG_WARN_DOCUMENTATION_COMMENTS = YES;
				CLANG_WARN_EMPTY_BODY = YES;
				CLANG_WARN_ENUM_CONVERSION = YES;
				CLANG_WARN_INFINITE_RECURSION = YES;
				CLANG_WARN_INT_CONVERSION = YES;
				CLANG_WARN_NON_LITERAL_NULL_CONVERSION = YES;
				CLANG_WARN_OBJC_IMPLICIT_RETAIN_SELF = YES;
				CLANG_WARN_OBJC_LITERAL_CONVERSION = YES;
				CLANG_WARN_OBJC_ROOT_CLASS = YES_ERROR;
				CLANG_WARN_RANGE_LOOP_ANALYSIS = YES;
				CLANG_WARN_STRICT_PROTOTYPES = YES;
				CLANG_WARN_SUSPICIOUS_MOVE = YES;
				CLANG_WARN_UNGUARDED_AVAILABILITY = YES_AGGRESSIVE;
				CLANG_WARN_UNREACHABLE_CODE = YES;
				CLANG_WARN__DUPLICATE_METHOD_MATCH = YES;
				CODE_SIGN_IDENTITY = "iPhone Developer";
				COPY_PHASE_STRIP = NO;
				DEBUG_INFORMATION_FORMAT = dwarf;
				ENABLE_STRICT_OBJC_MSGSEND = YES;
				ENABLE_TESTABILITY = YES;
				GCC_C_LANGUAGE_STANDARD = gnu11;
				GCC_DYNAMIC_NO_PIC = NO;
				GCC_NO_COMMON_BLOCKS = YES;
				GCC_OPTIMIZATION_LEVEL = 0;
				GCC_PREPROCESSOR_DEFINITIONS = (
					"DEBUG=1",
					"$(inherited)",
				);
				GCC_WARN_64_TO_32_BIT_CONVERSION = YES;
				GCC_WARN_ABOUT_RETURN_TYPE = YES_ERROR;
				GCC_WARN_UNDECLARED_SELECTOR = YES;
				GCC_WARN_UNINITIALIZED_AUTOS = YES_AGGRESSIVE;
				GCC_WARN_UNUSED_FUNCTION = YES;
				GCC_WARN_UNUSED_VARIABLE = YES;
				IPHONEOS_DEPLOYMENT_TARGET = 12.2;
				MTL_ENABLE_DEBUG_INFO = INCLUDE_SOURCE;
				MTL_FAST_MATH = YES;
				ONLY_ACTIVE_ARCH = YES;
				SDKROOT = iphoneos;
				SWIFT_ACTIVE_COMPILATION_CONDITIONS = DEBUG;
				SWIFT_OPTIMIZATION_LEVEL = "-Onone";
			};
			name = Debug;
		};
		C0BFC5482290067500C06D80 /* Release */ = {
			isa = XCBuildConfiguration;
			buildSettings = {
				ALWAYS_SEARCH_USER_PATHS = NO;
				CLANG_ANALYZER_NONNULL = YES;
				CLANG_ANALYZER_NUMBER_OBJECT_CONVERSION = YES_AGGRESSIVE;
				CLANG_CXX_LANGUAGE_STANDARD = "gnu++14";
				CLANG_CXX_LIBRARY = "libc++";
				CLANG_ENABLE_MODULES = YES;
				CLANG_ENABLE_OBJC_ARC = YES;
				CLANG_ENABLE_OBJC_WEAK = YES;
				CLANG_WARN_BLOCK_CAPTURE_AUTORELEASING = YES;
				CLANG_WARN_BOOL_CONVERSION = YES;
				CLANG_WARN_COMMA = YES;
				CLANG_WARN_CONSTANT_CONVERSION = YES;
				CLANG_WARN_DEPRECATED_OBJC_IMPLEMENTATIONS = YES;
				CLANG_WARN_DIRECT_OBJC_ISA_USAGE = YES_ERROR;
				CLANG_WARN_DOCUMENTATION_COMMENTS = YES;
				CLANG_WARN_EMPTY_BODY = YES;
				CLANG_WARN_ENUM_CONVERSION = YES;
				CLANG_WARN_INFINITE_RECURSION = YES;
				CLANG_WARN_INT_CONVERSION = YES;
				CLANG_WARN_NON_LITERAL_NULL_CONVERSION = YES;
				CLANG_WARN_OBJC_IMPLICIT_RETAIN_SELF = YES;
				CLANG_WARN_OBJC_LITERAL_CONVERSION = YES;
				CLANG_WARN_OBJC_ROOT_CLASS = YES_ERROR;
				CLANG_WARN_RANGE_LOOP_ANALYSIS = YES;
				CLANG_WARN_STRICT_PROTOTYPES = YES;
				CLANG_WARN_SUSPICIOUS_MOVE = YES;
				CLANG_WARN_UNGUARDED_AVAILABILITY = YES_AGGRESSIVE;
				CLANG_WARN_UNREACHABLE_CODE = YES;
				CLANG_WARN__DUPLICATE_METHOD_MATCH = YES;
				CODE_SIGN_IDENTITY = "iPhone Developer";
				COPY_PHASE_STRIP = NO;
				DEBUG_INFORMATION_FORMAT = "dwarf-with-dsym";
				ENABLE_NS_ASSERTIONS = NO;
				ENABLE_STRICT_OBJC_MSGSEND = YES;
				GCC_C_LANGUAGE_STANDARD = gnu11;
				GCC_NO_COMMON_BLOCKS = YES;
				GCC_WARN_64_TO_32_BIT_CONVERSION = YES;
				GCC_WARN_ABOUT_RETURN_TYPE = YES_ERROR;
				GCC_WARN_UNDECLARED_SELECTOR = YES;
				GCC_WARN_UNINITIALIZED_AUTOS = YES_AGGRESSIVE;
				GCC_WARN_UNUSED_FUNCTION = YES;
				GCC_WARN_UNUSED_VARIABLE = YES;
				IPHONEOS_DEPLOYMENT_TARGET = 12.2;
				MTL_ENABLE_DEBUG_INFO = NO;
				MTL_FAST_MATH = YES;
				SDKROOT = iphoneos;
				SWIFT_COMPILATION_MODE = wholemodule;
				SWIFT_OPTIMIZATION_LEVEL = "-O";
				VALIDATE_PRODUCT = YES;
			};
			name = Release;
		};
/* End XCBuildConfiguration section */

/* Begin XCConfigurationList section */
		C06B132E22A7117700FF86D4 /* Build configuration list for PBXNativeTarget "TaskManager" */ = {
			isa = XCConfigurationList;
			buildConfigurations = (
				C06B132F22A7117700FF86D4 /* Debug */,
				C06B133022A7117700FF86D4 /* Release */,
			);
			defaultConfigurationIsVisible = 0;
			defaultConfigurationName = Release;
		};
		C0BFC5322290067400C06D80 /* Build configuration list for PBXProject "TaskManager" */ = {
			isa = XCConfigurationList;
			buildConfigurations = (
				C0BFC5472290067500C06D80 /* Debug */,
				C0BFC5482290067500C06D80 /* Release */,
			);
			defaultConfigurationIsVisible = 0;
			defaultConfigurationName = Release;
		};
/* End XCConfigurationList section */
	};
	rootObject = C0BFC52F2290067400C06D80 /* Project object */;
}
